
Microsoft Visual Studio Solution File, Format Version 12.00
# Visual Studio Version 17
VisualStudioVersion = 17.1.32210.238
MinimumVisualStudioVersion = 10.0.40219.1
Project("{FAE04EC0-301F-11D3-BF4B-00C04F79EFBC}") = "Exercise2_Algoritma", "Exercise2_Algoritma\Exercise2_Algoritma.csproj", "{B6DB9665-B65E-40E1-8125-CA33043C9FC7}"
EndProject
Global
	GlobalSection(SolutionConfigurationPlatforms) = preSolution
		Debug|Any CPU = Debug|Any CPU
		Release|Any CPU = Release|Any CPU
	EndGlobalSection
	GlobalSection(ProjectConfigurationPlatforms) = postSolution
		{B6DB9665-B65E-40E1-8125-CA33043C9FC7}.Debug|Any CPU.ActiveCfg = Debug|Any CPU
		{B6DB9665-B65E-40E1-8125-CA33043C9FC7}.Debug|Any CPU.Build.0 = Debug|Any CPU
		{B6DB9665-B65E-40E1-8125-CA33043C9FC7}.Release|Any CPU.ActiveCfg = Release|Any CPU
		{B6DB9665-B65E-40E1-8125-CA33043C9FC7}.Release|Any CPU.Build.0 = Release|Any CPU
	EndGlobalSection
	GlobalSection(SolutionProperties) = preSolution
		HideSolutionNode = FALSE
	EndGlobalSection
	GlobalSection(ExtensibilityGlobals) = postSolution
		SolutionGuid = {47221B94-E86B-4DF9-9753-109C3E3A96B0}
	EndGlobalSection
EndGlobal
